// !$*UTF8*$!
{
	archiveVersion = 1;
	classes = {
	};
	objectVersion = 46;
	objects = {

/* Begin PBXBuildFile section */
		8A26ECAE1E9D3F7F007D08FB /* KSYMediaPlayer.framework in Frameworks */ = {isa = PBXBuildFile; fileRef = 8A26ECAC1E9D3F0A007D08FB /* KSYMediaPlayer.framework */; };
		8A2A44A71E8E739C00B78DDE /* drum-hitclap.wav in Resources */ = {isa = PBXBuildFile; fileRef = 8A2A44A01E8E739C00B78DDE /* drum-hitclap.wav */; };
		8A2A44A81E8E739C00B78DDE /* drum-hitfinish.wav in Resources */ = {isa = PBXBuildFile; fileRef = 8A2A44A11E8E739C00B78DDE /* drum-hitfinish.wav */; };
		8A2A44A91E8E739C00B78DDE /* drum-hitnormal.wav in Resources */ = {isa = PBXBuildFile; fileRef = 8A2A44A21E8E739C00B78DDE /* drum-hitnormal.wav */; };
		8A2A44AA1E8E739C00B78DDE /* drum-hitwhistle.wav in Resources */ = {isa = PBXBuildFile; fileRef = 8A2A44A31E8E739C00B78DDE /* drum-hitwhistle.wav */; };
		8A2A44AB1E8E739C00B78DDE /* drum-sliderslide.wav in Resources */ = {isa = PBXBuildFile; fileRef = 8A2A44A41E8E739C00B78DDE /* drum-sliderslide.wav */; };
		8A2A44AC1E8E739C00B78DDE /* drum-slidertick.wav in Resources */ = {isa = PBXBuildFile; fileRef = 8A2A44A51E8E739C00B78DDE /* drum-slidertick.wav */; };
		8A2A44AD1E8E739C00B78DDE /* drum-sliderwhistle.wav in Resources */ = {isa = PBXBuildFile; fileRef = 8A2A44A61E8E739C00B78DDE /* drum-sliderwhistle.wav */; };
		8A2A44B11E8E73B700B78DDE /* applause.mp3 in Resources */ = {isa = PBXBuildFile; fileRef = 8A2A44AE1E8E73B600B78DDE /* applause.mp3 */; };
		8A2A44B21E8E73B700B78DDE /* combobreak.mp3 in Resources */ = {isa = PBXBuildFile; fileRef = 8A2A44AF1E8E73B700B78DDE /* combobreak.mp3 */; };
		8A2A44B31E8E73B700B78DDE /* count.wav in Resources */ = {isa = PBXBuildFile; fileRef = 8A2A44B01E8E73B700B78DDE /* count.wav */; };
		8A2A44B71E8E73C000B78DDE /* count1s.wav in Resources */ = {isa = PBXBuildFile; fileRef = 8A2A44B41E8E73C000B78DDE /* count1s.wav */; };
		8A2A44B81E8E73C000B78DDE /* count2s.wav in Resources */ = {isa = PBXBuildFile; fileRef = 8A2A44B51E8E73C000B78DDE /* count2s.wav */; };
		8A2A44B91E8E73C000B78DDE /* count3s.wav in Resources */ = {isa = PBXBuildFile; fileRef = 8A2A44B61E8E73C000B78DDE /* count3s.wav */; };
		8A2A44BC1E8E73CE00B78DDE /* failsound.mp3 in Resources */ = {isa = PBXBuildFile; fileRef = 8A2A44BA1E8E73CE00B78DDE /* failsound.mp3 */; };
		8A2A44BD1E8E73CE00B78DDE /* gos.wav in Resources */ = {isa = PBXBuildFile; fileRef = 8A2A44BB1E8E73CE00B78DDE /* gos.wav */; };
		8A2A44C11E8E73DB00B78DDE /* menuback.wav in Resources */ = {isa = PBXBuildFile; fileRef = 8A2A44BE1E8E73DB00B78DDE /* menuback.wav */; };
		8A2A44C21E8E73DB00B78DDE /* menuclick.wav in Resources */ = {isa = PBXBuildFile; fileRef = 8A2A44BF1E8E73DB00B78DDE /* menuclick.wav */; };
		8A2A44C31E8E73DB00B78DDE /* menuhit.wav in Resources */ = {isa = PBXBuildFile; fileRef = 8A2A44C01E8E73DB00B78DDE /* menuhit.wav */; };
		8A2A44CA1E8E73E600B78DDE /* normal-hitfinish.wav in Resources */ = {isa = PBXBuildFile; fileRef = 8A2A44C41E8E73E600B78DDE /* normal-hitfinish.wav */; };
		8A2A44CB1E8E73E600B78DDE /* normal-hitnormal.wav in Resources */ = {isa = PBXBuildFile; fileRef = 8A2A44C51E8E73E600B78DDE /* normal-hitnormal.wav */; };
		8A2A44CC1E8E73E600B78DDE /* normal-hitwhistle.wav in Resources */ = {isa = PBXBuildFile; fileRef = 8A2A44C61E8E73E600B78DDE /* normal-hitwhistle.wav */; };
		8A2A44CD1E8E73E600B78DDE /* normal-sliderslide.wav in Resources */ = {isa = PBXBuildFile; fileRef = 8A2A44C71E8E73E600B78DDE /* normal-sliderslide.wav */; };
		8A2A44CE1E8E73E600B78DDE /* normal-slidertick.wav in Resources */ = {isa = PBXBuildFile; fileRef = 8A2A44C81E8E73E600B78DDE /* normal-slidertick.wav */; };
		8A2A44CF1E8E73E600B78DDE /* normal-sliderwhistle.wav in Resources */ = {isa = PBXBuildFile; fileRef = 8A2A44C91E8E73E600B78DDE /* normal-sliderwhistle.wav */; };
		8A2A44D11E8E740100B78DDE /* readys.wav in Resources */ = {isa = PBXBuildFile; fileRef = 8A2A44D01E8E740100B78DDE /* readys.wav */; };
		8A2A44D41E8E740B00B78DDE /* sectionfail.mp3 in Resources */ = {isa = PBXBuildFile; fileRef = 8A2A44D21E8E740B00B78DDE /* sectionfail.mp3 */; };
		8A2A44D51E8E740B00B78DDE /* sectionpass.mp3 in Resources */ = {isa = PBXBuildFile; fileRef = 8A2A44D31E8E740B00B78DDE /* sectionpass.mp3 */; };
		8A2A44DD1E8E741900B78DDE /* soft-hitclap.wav in Resources */ = {isa = PBXBuildFile; fileRef = 8A2A44D61E8E741900B78DDE /* soft-hitclap.wav */; };
		8A2A44DE1E8E741900B78DDE /* soft-hitfinish.wav in Resources */ = {isa = PBXBuildFile; fileRef = 8A2A44D71E8E741900B78DDE /* soft-hitfinish.wav */; };
		8A2A44DF1E8E741900B78DDE /* soft-hitnormal.wav in Resources */ = {isa = PBXBuildFile; fileRef = 8A2A44D81E8E741900B78DDE /* soft-hitnormal.wav */; };
		8A2A44E01E8E741900B78DDE /* soft-hitwhistle.wav in Resources */ = {isa = PBXBuildFile; fileRef = 8A2A44D91E8E741900B78DDE /* soft-hitwhistle.wav */; };
		8A2A44E11E8E741900B78DDE /* soft-sliderslide.wav in Resources */ = {isa = PBXBuildFile; fileRef = 8A2A44DA1E8E741900B78DDE /* soft-sliderslide.wav */; };
		8A2A44E21E8E741900B78DDE /* soft-slidertick.wav in Resources */ = {isa = PBXBuildFile; fileRef = 8A2A44DB1E8E741900B78DDE /* soft-slidertick.wav */; };
		8A2A44E31E8E741900B78DDE /* soft-sliderwhistle.wav in Resources */ = {isa = PBXBuildFile; fileRef = 8A2A44DC1E8E741900B78DDE /* soft-sliderwhistle.wav */; };
		8A2A44E61E8E742200B78DDE /* spinnerbonus.wav in Resources */ = {isa = PBXBuildFile; fileRef = 8A2A44E41E8E742200B78DDE /* spinnerbonus.wav */; };
		8A2A44E71E8E742200B78DDE /* spinnerspin.wav in Resources */ = {isa = PBXBuildFile; fileRef = 8A2A44E51E8E742200B78DDE /* spinnerspin.wav */; };
		8A2AAE101E90FE39005D52E7 /* test.osb in Resources */ = {isa = PBXBuildFile; fileRef = 8A2AAE0F1E90FE39005D52E7 /* test.osb */; };
		8A2B382E1E949C6D005B35F6 /* AlertView.swift in Sources */ = {isa = PBXBuildFile; fileRef = 8A2B382D1E949C6D005B35F6 /* AlertView.swift */; };
		8A3E5C211E8D259C00C28C9D /* Beatmap.swift in Sources */ = {isa = PBXBuildFile; fileRef = 8A3E5C201E8D259C00C28C9D /* Beatmap.swift */; };
		8A3E5C231E8D375A00C28C9D /* HitObjects.swift in Sources */ = {isa = PBXBuildFile; fileRef = 8A3E5C221E8D375A00C28C9D /* HitObjects.swift */; };
		8A3E5C251E8D4A9D00C28C9D /* BGMusicPlayer.swift in Sources */ = {isa = PBXBuildFile; fileRef = 8A3E5C241E8D4A9D00C28C9D /* BGMusicPlayer.swift */; };
		8A4D5C341E8A8AEB00319D91 /* AppDelegate.swift in Sources */ = {isa = PBXBuildFile; fileRef = 8A4D5C331E8A8AEB00319D91 /* AppDelegate.swift */; };
		8A4D5C3A1E8A8AEB00319D91 /* GamePlayScene.swift in Sources */ = {isa = PBXBuildFile; fileRef = 8A4D5C391E8A8AEB00319D91 /* GamePlayScene.swift */; };
		8A4D5C3C1E8A8AEC00319D91 /* GameViewController.swift in Sources */ = {isa = PBXBuildFile; fileRef = 8A4D5C3B1E8A8AEC00319D91 /* GameViewController.swift */; };
		8A4D5C3F1E8A8AEC00319D91 /* Main.storyboard in Resources */ = {isa = PBXBuildFile; fileRef = 8A4D5C3D1E8A8AEC00319D91 /* Main.storyboard */; };
		8A4D5C411E8A8AEC00319D91 /* Assets.xcassets in Resources */ = {isa = PBXBuildFile; fileRef = 8A4D5C401E8A8AEC00319D91 /* Assets.xcassets */; };
		8A4D5C441E8A8AEC00319D91 /* LaunchScreen.storyboard in Resources */ = {isa = PBXBuildFile; fileRef = 8A4D5C421E8A8AEC00319D91 /* LaunchScreen.storyboard */; };
		8A4D5C4F1E8A8AEC00319D91 /* iosuTests.swift in Sources */ = {isa = PBXBuildFile; fileRef = 8A4D5C4E1E8A8AEC00319D91 /* iosuTests.swift */; };
		8A4D5C5A1E8A981400319D91 /* GamePlayScene.sks in Resources */ = {isa = PBXBuildFile; fileRef = 8A4D5C591E8A981400319D91 /* GamePlayScene.sks */; };
		8A4D5C5C1E8A9F9500319D91 /* normal-hitclap.wav in Resources */ = {isa = PBXBuildFile; fileRef = 8A4D5C5B1E8A9F9500319D91 /* normal-hitclap.wav */; };
		8A5437B41E8D15BF00F25E63 /* BeatmapScanner.swift in Sources */ = {isa = PBXBuildFile; fileRef = 8A5437B31E8D15BF00F25E63 /* BeatmapScanner.swift */; };
		8A6743891E90075800818D55 /* StoryBoard.swift in Sources */ = {isa = PBXBuildFile; fileRef = 8A6743881E90075800818D55 /* StoryBoard.swift */; };
		8A67438B1E9011D800818D55 /* SpriteKitEasingSwift.framework in Frameworks */ = {isa = PBXBuildFile; fileRef = 8A67438A1E9011D800818D55 /* SpriteKitEasingSwift.framework */; };
		8A7615CB1E91702E00AE5580 /* SelectionView.swift in Sources */ = {isa = PBXBuildFile; fileRef = 8A7615CA1E91702E00AE5580 /* SelectionView.swift */; };
		8A7F7E191E9D2C1000595A13 /* VideoToolbox.framework in Frameworks */ = {isa = PBXBuildFile; fileRef = 8A7F7E181E9D2C1000595A13 /* VideoToolbox.framework */; };
		8A7F7E1B1E9D2C1D00595A13 /* libstdc++.6.tbd in Frameworks */ = {isa = PBXBuildFile; fileRef = 8A7F7E1A1E9D2C1D00595A13 /* libstdc++.6.tbd */; };
		8A7F7E1D1E9D2C2500595A13 /* libbz2.tbd in Frameworks */ = {isa = PBXBuildFile; fileRef = 8A7F7E1C1E9D2C2500595A13 /* libbz2.tbd */; };
		8A7F7E1F1E9D2C2D00595A13 /* libz.tbd in Frameworks */ = {isa = PBXBuildFile; fileRef = 8A7F7E1E1E9D2C2D00595A13 /* libz.tbd */; };
		8A7F7E211E9D32C300595A13 /* BGVideoPlayer.swift in Sources */ = {isa = PBXBuildFile; fileRef = 8A7F7E201E9D32C300595A13 /* BGVideoPlayer.swift */; };
		8A96535A1E9A978700864415 /* StoryBoardCommands.swift in Sources */ = {isa = PBXBuildFile; fileRef = 8A9653591E9A978700864415 /* StoryBoardCommands.swift */; };
		8AAA496D1E97BD87001BDB5B /* TestScene.swift in Sources */ = {isa = PBXBuildFile; fileRef = 8AAA496C1E97BD87001BDB5B /* TestScene.swift */; };
		8ABA55271E9D240C006530EC /* iosu-Bridging-Header.h in Sources */ = {isa = PBXBuildFile; fileRef = 8ABA55261E9D23FD006530EC /* iosu-Bridging-Header.h */; };
		8AC188441E8EAE3300C9BB98 /* README.md in Sources */ = {isa = PBXBuildFile; fileRef = 8AC188431E8EAE3300C9BB98 /* README.md */; };
		8ACA3AE61E90EE6F00057AA6 /* StoryBoardScene.swift in Sources */ = {isa = PBXBuildFile; fileRef = 8ACA3AE51E90EE6F00057AA6 /* StoryBoardScene.swift */; };
		99B4058382CF96D791075AB4 /* Pods_iosu.framework in Frameworks */ = {isa = PBXBuildFile; fileRef = A76F916780A6E7BFEFB56503 /* Pods_iosu.framework */; };
/* End PBXBuildFile section */

/* Begin PBXContainerItemProxy section */
		8A4D5C4B1E8A8AEC00319D91 /* PBXContainerItemProxy */ = {
			isa = PBXContainerItemProxy;
			containerPortal = 8A4D5C281E8A8AEB00319D91 /* Project object */;
			proxyType = 1;
			remoteGlobalIDString = 8A4D5C2F1E8A8AEB00319D91;
			remoteInfo = iosu;
		};
/* End PBXContainerItemProxy section */

/* Begin PBXFileReference section */
		6105515E76E704F6DD9D2521 /* Pods-iosu.release.xcconfig */ = {isa = PBXFileReference; includeInIndex = 1; lastKnownFileType = text.xcconfig; name = "Pods-iosu.release.xcconfig"; path = "Pods/Target Support Files/Pods-iosu/Pods-iosu.release.xcconfig"; sourceTree = "<group>"; };
		746E95FF2AA386585463E0D9 /* Pods-iosu.debug.xcconfig */ = {isa = PBXFileReference; includeInIndex = 1; lastKnownFileType = text.xcconfig; name = "Pods-iosu.debug.xcconfig"; path = "Pods/Target Support Files/Pods-iosu/Pods-iosu.debug.xcconfig"; sourceTree = "<group>"; };
		8A26ECAC1E9D3F0A007D08FB /* KSYMediaPlayer.framework */ = {isa = PBXFileReference; lastKnownFileType = wrapper.framework; path = KSYMediaPlayer.framework; sourceTree = "<group>"; };
		8A2A44A01E8E739C00B78DDE /* drum-hitclap.wav */ = {isa = PBXFileReference; lastKnownFileType = audio.wav; path = "drum-hitclap.wav"; sourceTree = "<group>"; };
		8A2A44A11E8E739C00B78DDE /* drum-hitfinish.wav */ = {isa = PBXFileReference; lastKnownFileType = audio.wav; path = "drum-hitfinish.wav"; sourceTree = "<group>"; };
		8A2A44A21E8E739C00B78DDE /* drum-hitnormal.wav */ = {isa = PBXFileReference; lastKnownFileType = audio.wav; path = "drum-hitnormal.wav"; sourceTree = "<group>"; };
		8A2A44A31E8E739C00B78DDE /* drum-hitwhistle.wav */ = {isa = PBXFileReference; lastKnownFileType = audio.wav; path = "drum-hitwhistle.wav"; sourceTree = "<group>"; };
		8A2A44A41E8E739C00B78DDE /* drum-sliderslide.wav */ = {isa = PBXFileReference; lastKnownFileType = audio.wav; path = "drum-sliderslide.wav"; sourceTree = "<group>"; };
		8A2A44A51E8E739C00B78DDE /* drum-slidertick.wav */ = {isa = PBXFileReference; lastKnownFileType = audio.wav; path = "drum-slidertick.wav"; sourceTree = "<group>"; };
		8A2A44A61E8E739C00B78DDE /* drum-sliderwhistle.wav */ = {isa = PBXFileReference; lastKnownFileType = audio.wav; path = "drum-sliderwhistle.wav"; sourceTree = "<group>"; };
		8A2A44AE1E8E73B600B78DDE /* applause.mp3 */ = {isa = PBXFileReference; lastKnownFileType = audio.mp3; path = applause.mp3; sourceTree = "<group>"; };
		8A2A44AF1E8E73B700B78DDE /* combobreak.mp3 */ = {isa = PBXFileReference; lastKnownFileType = audio.mp3; path = combobreak.mp3; sourceTree = "<group>"; };
		8A2A44B01E8E73B700B78DDE /* count.wav */ = {isa = PBXFileReference; lastKnownFileType = audio.wav; path = count.wav; sourceTree = "<group>"; };
		8A2A44B41E8E73C000B78DDE /* count1s.wav */ = {isa = PBXFileReference; lastKnownFileType = audio.wav; path = count1s.wav; sourceTree = "<group>"; };
		8A2A44B51E8E73C000B78DDE /* count2s.wav */ = {isa = PBXFileReference; lastKnownFileType = audio.wav; path = count2s.wav; sourceTree = "<group>"; };
		8A2A44B61E8E73C000B78DDE /* count3s.wav */ = {isa = PBXFileReference; lastKnownFileType = audio.wav; path = count3s.wav; sourceTree = "<group>"; };
		8A2A44BA1E8E73CE00B78DDE /* failsound.mp3 */ = {isa = PBXFileReference; lastKnownFileType = audio.mp3; path = failsound.mp3; sourceTree = "<group>"; };
		8A2A44BB1E8E73CE00B78DDE /* gos.wav */ = {isa = PBXFileReference; lastKnownFileType = audio.wav; path = gos.wav; sourceTree = "<group>"; };
		8A2A44BE1E8E73DB00B78DDE /* menuback.wav */ = {isa = PBXFileReference; lastKnownFileType = audio.wav; path = menuback.wav; sourceTree = "<group>"; };
		8A2A44BF1E8E73DB00B78DDE /* menuclick.wav */ = {isa = PBXFileReference; lastKnownFileType = audio.wav; path = menuclick.wav; sourceTree = "<group>"; };
		8A2A44C01E8E73DB00B78DDE /* menuhit.wav */ = {isa = PBXFileReference; lastKnownFileType = audio.wav; path = menuhit.wav; sourceTree = "<group>"; };
		8A2A44C41E8E73E600B78DDE /* normal-hitfinish.wav */ = {isa = PBXFileReference; lastKnownFileType = audio.wav; path = "normal-hitfinish.wav"; sourceTree = "<group>"; };
		8A2A44C51E8E73E600B78DDE /* normal-hitnormal.wav */ = {isa = PBXFileReference; lastKnownFileType = audio.wav; path = "normal-hitnormal.wav"; sourceTree = "<group>"; };
		8A2A44C61E8E73E600B78DDE /* normal-hitwhistle.wav */ = {isa = PBXFileReference; lastKnownFileType = audio.wav; path = "normal-hitwhistle.wav"; sourceTree = "<group>"; };
		8A2A44C71E8E73E600B78DDE /* normal-sliderslide.wav */ = {isa = PBXFileReference; lastKnownFileType = audio.wav; path = "normal-sliderslide.wav"; sourceTree = "<group>"; };
		8A2A44C81E8E73E600B78DDE /* normal-slidertick.wav */ = {isa = PBXFileReference; lastKnownFileType = audio.wav; path = "normal-slidertick.wav"; sourceTree = "<group>"; };
		8A2A44C91E8E73E600B78DDE /* normal-sliderwhistle.wav */ = {isa = PBXFileReference; lastKnownFileType = audio.wav; path = "normal-sliderwhistle.wav"; sourceTree = "<group>"; };
		8A2A44D01E8E740100B78DDE /* readys.wav */ = {isa = PBXFileReference; lastKnownFileType = audio.wav; path = readys.wav; sourceTree = "<group>"; };
		8A2A44D21E8E740B00B78DDE /* sectionfail.mp3 */ = {isa = PBXFileReference; lastKnownFileType = audio.mp3; path = sectionfail.mp3; sourceTree = "<group>"; };
		8A2A44D31E8E740B00B78DDE /* sectionpass.mp3 */ = {isa = PBXFileReference; lastKnownFileType = audio.mp3; path = sectionpass.mp3; sourceTree = "<group>"; };
		8A2A44D61E8E741900B78DDE /* soft-hitclap.wav */ = {isa = PBXFileReference; lastKnownFileType = audio.wav; path = "soft-hitclap.wav"; sourceTree = "<group>"; };
		8A2A44D71E8E741900B78DDE /* soft-hitfinish.wav */ = {isa = PBXFileReference; lastKnownFileType = audio.wav; path = "soft-hitfinish.wav"; sourceTree = "<group>"; };
		8A2A44D81E8E741900B78DDE /* soft-hitnormal.wav */ = {isa = PBXFileReference; lastKnownFileType = audio.wav; path = "soft-hitnormal.wav"; sourceTree = "<group>"; };
		8A2A44D91E8E741900B78DDE /* soft-hitwhistle.wav */ = {isa = PBXFileReference; lastKnownFileType = audio.wav; path = "soft-hitwhistle.wav"; sourceTree = "<group>"; };
		8A2A44DA1E8E741900B78DDE /* soft-sliderslide.wav */ = {isa = PBXFileReference; lastKnownFileType = audio.wav; path = "soft-sliderslide.wav"; sourceTree = "<group>"; };
		8A2A44DB1E8E741900B78DDE /* soft-slidertick.wav */ = {isa = PBXFileReference; lastKnownFileType = audio.wav; path = "soft-slidertick.wav"; sourceTree = "<group>"; };
		8A2A44DC1E8E741900B78DDE /* soft-sliderwhistle.wav */ = {isa = PBXFileReference; lastKnownFileType = audio.wav; path = "soft-sliderwhistle.wav"; sourceTree = "<group>"; };
		8A2A44E41E8E742200B78DDE /* spinnerbonus.wav */ = {isa = PBXFileReference; lastKnownFileType = audio.wav; path = spinnerbonus.wav; sourceTree = "<group>"; };
		8A2A44E51E8E742200B78DDE /* spinnerspin.wav */ = {isa = PBXFileReference; lastKnownFileType = audio.wav; path = spinnerspin.wav; sourceTree = "<group>"; };
		8A2AAE0F1E90FE39005D52E7 /* test.osb */ = {isa = PBXFileReference; fileEncoding = 4; lastKnownFileType = text; path = test.osb; sourceTree = "<group>"; };
		8A2B382D1E949C6D005B35F6 /* AlertView.swift */ = {isa = PBXFileReference; fileEncoding = 4; lastKnownFileType = sourcecode.swift; path = AlertView.swift; sourceTree = "<group>"; };
		8A3E5C201E8D259C00C28C9D /* Beatmap.swift */ = {isa = PBXFileReference; fileEncoding = 4; lastKnownFileType = sourcecode.swift; path = Beatmap.swift; sourceTree = "<group>"; };
		8A3E5C221E8D375A00C28C9D /* HitObjects.swift */ = {isa = PBXFileReference; fileEncoding = 4; lastKnownFileType = sourcecode.swift; path = HitObjects.swift; sourceTree = "<group>"; };
		8A3E5C241E8D4A9D00C28C9D /* BGMusicPlayer.swift */ = {isa = PBXFileReference; fileEncoding = 4; lastKnownFileType = sourcecode.swift; path = BGMusicPlayer.swift; sourceTree = "<group>"; };
		8A4D5C301E8A8AEB00319D91 /* iosu.app */ = {isa = PBXFileReference; explicitFileType = wrapper.application; includeInIndex = 0; path = iosu.app; sourceTree = BUILT_PRODUCTS_DIR; };
		8A4D5C331E8A8AEB00319D91 /* AppDelegate.swift */ = {isa = PBXFileReference; lastKnownFileType = sourcecode.swift; path = AppDelegate.swift; sourceTree = "<group>"; };
		8A4D5C391E8A8AEB00319D91 /* GamePlayScene.swift */ = {isa = PBXFileReference; lastKnownFileType = sourcecode.swift; path = GamePlayScene.swift; sourceTree = "<group>"; };
		8A4D5C3B1E8A8AEC00319D91 /* GameViewController.swift */ = {isa = PBXFileReference; lastKnownFileType = sourcecode.swift; path = GameViewController.swift; sourceTree = "<group>"; };
		8A4D5C3E1E8A8AEC00319D91 /* Base */ = {isa = PBXFileReference; lastKnownFileType = file.storyboard; name = Base; path = Base.lproj/Main.storyboard; sourceTree = "<group>"; };
		8A4D5C401E8A8AEC00319D91 /* Assets.xcassets */ = {isa = PBXFileReference; lastKnownFileType = folder.assetcatalog; path = Assets.xcassets; sourceTree = "<group>"; };
		8A4D5C431E8A8AEC00319D91 /* Base */ = {isa = PBXFileReference; lastKnownFileType = file.storyboard; name = Base; path = Base.lproj/LaunchScreen.storyboard; sourceTree = "<group>"; };
		8A4D5C451E8A8AEC00319D91 /* Info.plist */ = {isa = PBXFileReference; lastKnownFileType = text.plist.xml; path = Info.plist; sourceTree = "<group>"; };
		8A4D5C4A1E8A8AEC00319D91 /* iosuTests.xctest */ = {isa = PBXFileReference; explicitFileType = wrapper.cfbundle; includeInIndex = 0; path = iosuTests.xctest; sourceTree = BUILT_PRODUCTS_DIR; };
		8A4D5C4E1E8A8AEC00319D91 /* iosuTests.swift */ = {isa = PBXFileReference; lastKnownFileType = sourcecode.swift; path = iosuTests.swift; sourceTree = "<group>"; };
		8A4D5C501E8A8AEC00319D91 /* Info.plist */ = {isa = PBXFileReference; lastKnownFileType = text.plist.xml; path = Info.plist; sourceTree = "<group>"; };
		8A4D5C591E8A981400319D91 /* GamePlayScene.sks */ = {isa = PBXFileReference; lastKnownFileType = file.sks; path = GamePlayScene.sks; sourceTree = "<group>"; };
		8A4D5C5B1E8A9F9500319D91 /* normal-hitclap.wav */ = {isa = PBXFileReference; lastKnownFileType = audio.wav; path = "normal-hitclap.wav"; sourceTree = "<group>"; };
		8A5437B31E8D15BF00F25E63 /* BeatmapScanner.swift */ = {isa = PBXFileReference; fileEncoding = 4; lastKnownFileType = sourcecode.swift; path = BeatmapScanner.swift; sourceTree = "<group>"; };
		8A6743881E90075800818D55 /* StoryBoard.swift */ = {isa = PBXFileReference; fileEncoding = 4; lastKnownFileType = sourcecode.swift; path = StoryBoard.swift; sourceTree = "<group>"; };
		8A67438A1E9011D800818D55 /* SpriteKitEasingSwift.framework */ = {isa = PBXFileReference; lastKnownFileType = wrapper.framework; name = SpriteKitEasingSwift.framework; path = "../../Library/Developer/Xcode/DerivedData/iosu-gddpvylvaevfhyenmhqlpckshyiw/Build/Products/Debug-iphonesimulator/SpriteKitEasingSwift/SpriteKitEasingSwift.framework"; sourceTree = "<group>"; };
		8A7615CA1E91702E00AE5580 /* SelectionView.swift */ = {isa = PBXFileReference; fileEncoding = 4; lastKnownFileType = sourcecode.swift; path = SelectionView.swift; sourceTree = "<group>"; };
		8A7F7E181E9D2C1000595A13 /* VideoToolbox.framework */ = {isa = PBXFileReference; lastKnownFileType = wrapper.framework; name = VideoToolbox.framework; path = System/Library/Frameworks/VideoToolbox.framework; sourceTree = SDKROOT; };
		8A7F7E1A1E9D2C1D00595A13 /* libstdc++.6.tbd */ = {isa = PBXFileReference; lastKnownFileType = "sourcecode.text-based-dylib-definition"; name = "libstdc++.6.tbd"; path = "usr/lib/libstdc++.6.tbd"; sourceTree = SDKROOT; };
		8A7F7E1C1E9D2C2500595A13 /* libbz2.tbd */ = {isa = PBXFileReference; lastKnownFileType = "sourcecode.text-based-dylib-definition"; name = libbz2.tbd; path = usr/lib/libbz2.tbd; sourceTree = SDKROOT; };
		8A7F7E1E1E9D2C2D00595A13 /* libz.tbd */ = {isa = PBXFileReference; lastKnownFileType = "sourcecode.text-based-dylib-definition"; name = libz.tbd; path = usr/lib/libz.tbd; sourceTree = SDKROOT; };
		8A7F7E201E9D32C300595A13 /* BGVideoPlayer.swift */ = {isa = PBXFileReference; fileEncoding = 4; lastKnownFileType = sourcecode.swift; path = BGVideoPlayer.swift; sourceTree = "<group>"; };
		8A9653591E9A978700864415 /* StoryBoardCommands.swift */ = {isa = PBXFileReference; fileEncoding = 4; lastKnownFileType = sourcecode.swift; path = StoryBoardCommands.swift; sourceTree = "<group>"; };
		8AAA496C1E97BD87001BDB5B /* TestScene.swift */ = {isa = PBXFileReference; fileEncoding = 4; lastKnownFileType = sourcecode.swift; path = TestScene.swift; sourceTree = "<group>"; };
		8ABA55261E9D23FD006530EC /* iosu-Bridging-Header.h */ = {isa = PBXFileReference; lastKnownFileType = sourcecode.c.h; path = "iosu-Bridging-Header.h"; sourceTree = "<group>"; };
		8AC188431E8EAE3300C9BB98 /* README.md */ = {isa = PBXFileReference; fileEncoding = 4; lastKnownFileType = net.daringfireball.markdown; path = README.md; sourceTree = "<group>"; };
		8ACA3AE51E90EE6F00057AA6 /* StoryBoardScene.swift */ = {isa = PBXFileReference; fileEncoding = 4; lastKnownFileType = sourcecode.swift; path = StoryBoardScene.swift; sourceTree = "<group>"; };
		A76F916780A6E7BFEFB56503 /* Pods_iosu.framework */ = {isa = PBXFileReference; explicitFileType = wrapper.framework; includeInIndex = 0; path = Pods_iosu.framework; sourceTree = BUILT_PRODUCTS_DIR; };
/* End PBXFileReference section */

/* Begin PBXFrameworksBuildPhase section */
		8A4D5C2D1E8A8AEB00319D91 /* Frameworks */ = {
			isa = PBXFrameworksBuildPhase;
			buildActionMask = 2147483647;
			files = (
				8A7F7E1F1E9D2C2D00595A13 /* libz.tbd in Frameworks */,
				8A7F7E1D1E9D2C2500595A13 /* libbz2.tbd in Frameworks */,
				8A7F7E1B1E9D2C1D00595A13 /* libstdc++.6.tbd in Frameworks */,
				8A7F7E191E9D2C1000595A13 /* VideoToolbox.framework in Frameworks */,
				8A26ECAE1E9D3F7F007D08FB /* KSYMediaPlayer.framework in Frameworks */,
				8A67438B1E9011D800818D55 /* SpriteKitEasingSwift.framework in Frameworks */,
				99B4058382CF96D791075AB4 /* Pods_iosu.framework in Frameworks */,
			);
			runOnlyForDeploymentPostprocessing = 0;
		};
		8A4D5C471E8A8AEC00319D91 /* Frameworks */ = {
			isa = PBXFrameworksBuildPhase;
			buildActionMask = 2147483647;
			files = (
			);
			runOnlyForDeploymentPostprocessing = 0;
		};
/* End PBXFrameworksBuildPhase section */

/* Begin PBXGroup section */
		8A2A449F1E8E737100B78DDE /* audios */ = {
			isa = PBXGroup;
			children = (
				8A2A44AE1E8E73B600B78DDE /* applause.mp3 */,
				8A2A44AF1E8E73B700B78DDE /* combobreak.mp3 */,
				8A2A44B01E8E73B700B78DDE /* count.wav */,
				8A2A44A01E8E739C00B78DDE /* drum-hitclap.wav */,
				8A2A44A11E8E739C00B78DDE /* drum-hitfinish.wav */,
				8A2A44A21E8E739C00B78DDE /* drum-hitnormal.wav */,
				8A2A44A31E8E739C00B78DDE /* drum-hitwhistle.wav */,
				8A2A44A41E8E739C00B78DDE /* drum-sliderslide.wav */,
				8A2A44A51E8E739C00B78DDE /* drum-slidertick.wav */,
				8A2A44BE1E8E73DB00B78DDE /* menuback.wav */,
				8A2A44BF1E8E73DB00B78DDE /* menuclick.wav */,
				8A2A44C01E8E73DB00B78DDE /* menuhit.wav */,
				8A2A44C41E8E73E600B78DDE /* normal-hitfinish.wav */,
				8A2A44C51E8E73E600B78DDE /* normal-hitnormal.wav */,
				8A2A44C61E8E73E600B78DDE /* normal-hitwhistle.wav */,
				8A2A44C71E8E73E600B78DDE /* normal-sliderslide.wav */,
				8A2A44C81E8E73E600B78DDE /* normal-slidertick.wav */,
				8A2A44C91E8E73E600B78DDE /* normal-sliderwhistle.wav */,
				8A2A44E41E8E742200B78DDE /* spinnerbonus.wav */,
				8A2A44E51E8E742200B78DDE /* spinnerspin.wav */,
				8A2A44D61E8E741900B78DDE /* soft-hitclap.wav */,
				8A2A44D71E8E741900B78DDE /* soft-hitfinish.wav */,
				8A2A44D81E8E741900B78DDE /* soft-hitnormal.wav */,
				8A2A44D91E8E741900B78DDE /* soft-hitwhistle.wav */,
				8A2A44DA1E8E741900B78DDE /* soft-sliderslide.wav */,
				8A2A44DB1E8E741900B78DDE /* soft-slidertick.wav */,
				8A2A44DC1E8E741900B78DDE /* soft-sliderwhistle.wav */,
				8A2A44D01E8E740100B78DDE /* readys.wav */,
				8A2A44BA1E8E73CE00B78DDE /* failsound.mp3 */,
				8A2A44BB1E8E73CE00B78DDE /* gos.wav */,
				8A2A44D21E8E740B00B78DDE /* sectionfail.mp3 */,
				8A2A44D31E8E740B00B78DDE /* sectionpass.mp3 */,
				8A2A44A61E8E739C00B78DDE /* drum-sliderwhistle.wav */,
				8A2A44B41E8E73C000B78DDE /* count1s.wav */,
				8A2A44B51E8E73C000B78DDE /* count2s.wav */,
				8A2A44B61E8E73C000B78DDE /* count3s.wav */,
				8A4D5C5B1E8A9F9500319D91 /* normal-hitclap.wav */,
			);
			name = audios;
			sourceTree = "<group>";
		};
		8A4D5C271E8A8AEB00319D91 = {
			isa = PBXGroup;
			children = (
				8AC188431E8EAE3300C9BB98 /* README.md */,
				8A4D5C321E8A8AEB00319D91 /* iosu */,
				8A4D5C4D1E8A8AEC00319D91 /* iosuTests */,
				8A4D5C311E8A8AEB00319D91 /* Products */,
				E08133947FE706A3AE1882BB /* Pods */,
				D3ABB3CD3474C7FEB39BC95D /* Frameworks */,
			);
			sourceTree = "<group>";
		};
		8A4D5C311E8A8AEB00319D91 /* Products */ = {
			isa = PBXGroup;
			children = (
				8A4D5C301E8A8AEB00319D91 /* iosu.app */,
				8A4D5C4A1E8A8AEC00319D91 /* iosuTests.xctest */,
			);
			name = Products;
			sourceTree = "<group>";
		};
		8A4D5C321E8A8AEB00319D91 /* iosu */ = {
			isa = PBXGroup;
			children = (
				8A2A449F1E8E737100B78DDE /* audios */,
				8A9653591E9A978700864415 /* StoryBoardCommands.swift */,
				8A4D5C331E8A8AEB00319D91 /* AppDelegate.swift */,
				8A4D5C591E8A981400319D91 /* GamePlayScene.sks */,
				8A4D5C391E8A8AEB00319D91 /* GamePlayScene.swift */,
				8ACA3AE51E90EE6F00057AA6 /* StoryBoardScene.swift */,
				8A2B382D1E949C6D005B35F6 /* AlertView.swift */,
				8AAA496C1E97BD87001BDB5B /* TestScene.swift */,
				8A3E5C241E8D4A9D00C28C9D /* BGMusicPlayer.swift */,
				8A7F7E201E9D32C300595A13 /* BGVideoPlayer.swift */,
				8A5437B31E8D15BF00F25E63 /* BeatmapScanner.swift */,
				8A6743881E90075800818D55 /* StoryBoard.swift */,
				8A3E5C201E8D259C00C28C9D /* Beatmap.swift */,
				8A3E5C221E8D375A00C28C9D /* HitObjects.swift */,
				8A4D5C3B1E8A8AEC00319D91 /* GameViewController.swift */,
				8A4D5C3D1E8A8AEC00319D91 /* Main.storyboard */,
				8A7615CA1E91702E00AE5580 /* SelectionView.swift */,
				8A4D5C401E8A8AEC00319D91 /* Assets.xcassets */,
				8A4D5C421E8A8AEC00319D91 /* LaunchScreen.storyboard */,
				8A4D5C451E8A8AEC00319D91 /* Info.plist */,
				8ABA55261E9D23FD006530EC /* iosu-Bridging-Header.h */,
			);
			path = iosu;
			sourceTree = "<group>";
		};
		8A4D5C4D1E8A8AEC00319D91 /* iosuTests */ = {
			isa = PBXGroup;
			children = (
				8A2AAE0F1E90FE39005D52E7 /* test.osb */,
				8A4D5C4E1E8A8AEC00319D91 /* iosuTests.swift */,
				8A4D5C501E8A8AEC00319D91 /* Info.plist */,
			);
			path = iosuTests;
			sourceTree = "<group>";
		};
		D3ABB3CD3474C7FEB39BC95D /* Frameworks */ = {
			isa = PBXGroup;
			children = (
				8A7F7E1E1E9D2C2D00595A13 /* libz.tbd */,
				8A7F7E1C1E9D2C2500595A13 /* libbz2.tbd */,
				8A7F7E1A1E9D2C1D00595A13 /* libstdc++.6.tbd */,
				8A26ECAC1E9D3F0A007D08FB /* KSYMediaPlayer.framework */,
				8A7F7E181E9D2C1000595A13 /* VideoToolbox.framework */,
				8A67438A1E9011D800818D55 /* SpriteKitEasingSwift.framework */,
				A76F916780A6E7BFEFB56503 /* Pods_iosu.framework */,
			);
			name = Frameworks;
			sourceTree = "<group>";
		};
		E08133947FE706A3AE1882BB /* Pods */ = {
			isa = PBXGroup;
			children = (
				746E95FF2AA386585463E0D9 /* Pods-iosu.debug.xcconfig */,
				6105515E76E704F6DD9D2521 /* Pods-iosu.release.xcconfig */,
			);
			name = Pods;
			sourceTree = "<group>";
		};
/* End PBXGroup section */

/* Begin PBXNativeTarget section */
		8A4D5C2F1E8A8AEB00319D91 /* iosu */ = {
			isa = PBXNativeTarget;
			buildConfigurationList = 8A4D5C531E8A8AEC00319D91 /* Build configuration list for PBXNativeTarget "iosu" */;
			buildPhases = (
				90CAAD9A8941337A27EDECA0 /* [CP] Check Pods Manifest.lock */,
				8A4D5C2C1E8A8AEB00319D91 /* Sources */,
				8A4D5C2D1E8A8AEB00319D91 /* Frameworks */,
				8A4D5C2E1E8A8AEB00319D91 /* Resources */,
				76C8BBFD8412E2A640B938C0 /* [CP] Embed Pods Frameworks */,
				0B93C120F14D6C1714DCD1EE /* [CP] Copy Pods Resources */,
			);
			buildRules = (
			);
			dependencies = (
			);
			name = iosu;
			productName = iosu;
			productReference = 8A4D5C301E8A8AEB00319D91 /* iosu.app */;
			productType = "com.apple.product-type.application";
		};
		8A4D5C491E8A8AEC00319D91 /* iosuTests */ = {
			isa = PBXNativeTarget;
			buildConfigurationList = 8A4D5C561E8A8AEC00319D91 /* Build configuration list for PBXNativeTarget "iosuTests" */;
			buildPhases = (
				8A4D5C461E8A8AEC00319D91 /* Sources */,
				8A4D5C471E8A8AEC00319D91 /* Frameworks */,
				8A4D5C481E8A8AEC00319D91 /* Resources */,
			);
			buildRules = (
			);
			dependencies = (
				8A4D5C4C1E8A8AEC00319D91 /* PBXTargetDependency */,
			);
			name = iosuTests;
			productName = iosuTests;
			productReference = 8A4D5C4A1E8A8AEC00319D91 /* iosuTests.xctest */;
			productType = "com.apple.product-type.bundle.unit-test";
		};
/* End PBXNativeTarget section */

/* Begin PBXProject section */
		8A4D5C281E8A8AEB00319D91 /* Project object */ = {
			isa = PBXProject;
			attributes = {
				LastSwiftUpdateCheck = 0820;
				LastUpgradeCheck = 0820;
				ORGANIZATIONNAME = xieyi;
				TargetAttributes = {
					8A4D5C2F1E8A8AEB00319D91 = {
						CreatedOnToolsVersion = 8.2.1;
						DevelopmentTeam = 34A2STWT5M;
						ProvisioningStyle = Automatic;
					};
					8A4D5C491E8A8AEC00319D91 = {
						CreatedOnToolsVersion = 8.2.1;
						DevelopmentTeam = 34A2STWT5M;
						ProvisioningStyle = Automatic;
						TestTargetID = 8A4D5C2F1E8A8AEB00319D91;
					};
				};
			};
			buildConfigurationList = 8A4D5C2B1E8A8AEB00319D91 /* Build configuration list for PBXProject "iosu" */;
			compatibilityVersion = "Xcode 3.2";
			developmentRegion = English;
			hasScannedForEncodings = 0;
			knownRegions = (
				en,
				Base,
			);
			mainGroup = 8A4D5C271E8A8AEB00319D91;
			productRefGroup = 8A4D5C311E8A8AEB00319D91 /* Products */;
			projectDirPath = "";
			projectRoot = "";
			targets = (
				8A4D5C2F1E8A8AEB00319D91 /* iosu */,
				8A4D5C491E8A8AEC00319D91 /* iosuTests */,
			);
		};
/* End PBXProject section */

/* Begin PBXResourcesBuildPhase section */
		8A4D5C2E1E8A8AEB00319D91 /* Resources */ = {
			isa = PBXResourcesBuildPhase;
			buildActionMask = 2147483647;
			files = (
				8A2A44E11E8E741900B78DDE /* soft-sliderslide.wav in Resources */,
				8A2A44D11E8E740100B78DDE /* readys.wav in Resources */,
				8A2A44BD1E8E73CE00B78DDE /* gos.wav in Resources */,
				8A4D5C3F1E8A8AEC00319D91 /* Main.storyboard in Resources */,
				8A2A44CC1E8E73E600B78DDE /* normal-hitwhistle.wav in Resources */,
				8A2A44C21E8E73DB00B78DDE /* menuclick.wav in Resources */,
				8A2A44BC1E8E73CE00B78DDE /* failsound.mp3 in Resources */,
				8A2A44CE1E8E73E600B78DDE /* normal-slidertick.wav in Resources */,
				8A2A44A91E8E739C00B78DDE /* drum-hitnormal.wav in Resources */,
				8A2A44B81E8E73C000B78DDE /* count2s.wav in Resources */,
				8A2A44D41E8E740B00B78DDE /* sectionfail.mp3 in Resources */,
				8A4D5C411E8A8AEC00319D91 /* Assets.xcassets in Resources */,
				8A2A44DD1E8E741900B78DDE /* soft-hitclap.wav in Resources */,
				8A2A44A71E8E739C00B78DDE /* drum-hitclap.wav in Resources */,
				8A2A44B71E8E73C000B78DDE /* count1s.wav in Resources */,
				8A2A44B91E8E73C000B78DDE /* count3s.wav in Resources */,
				8A2A44DF1E8E741900B78DDE /* soft-hitnormal.wav in Resources */,
				8A4D5C441E8A8AEC00319D91 /* LaunchScreen.storyboard in Resources */,
				8A2A44E61E8E742200B78DDE /* spinnerbonus.wav in Resources */,
				8A2A44B21E8E73B700B78DDE /* combobreak.mp3 in Resources */,
				8A2A44C31E8E73DB00B78DDE /* menuhit.wav in Resources */,
				8A2A44E21E8E741900B78DDE /* soft-slidertick.wav in Resources */,
				8A4D5C5A1E8A981400319D91 /* GamePlayScene.sks in Resources */,
				8A2A44AD1E8E739C00B78DDE /* drum-sliderwhistle.wav in Resources */,
				8A2A44CD1E8E73E600B78DDE /* normal-sliderslide.wav in Resources */,
				8A2A44E71E8E742200B78DDE /* spinnerspin.wav in Resources */,
				8A2A44AC1E8E739C00B78DDE /* drum-slidertick.wav in Resources */,
				8A2A44CF1E8E73E600B78DDE /* normal-sliderwhistle.wav in Resources */,
				8A2A44B31E8E73B700B78DDE /* count.wav in Resources */,
				8A2A44B11E8E73B700B78DDE /* applause.mp3 in Resources */,
				8A2A44A81E8E739C00B78DDE /* drum-hitfinish.wav in Resources */,
				8A2A44D51E8E740B00B78DDE /* sectionpass.mp3 in Resources */,
				8A2A44DE1E8E741900B78DDE /* soft-hitfinish.wav in Resources */,
				8A2A44CB1E8E73E600B78DDE /* normal-hitnormal.wav in Resources */,
				8A2A44C11E8E73DB00B78DDE /* menuback.wav in Resources */,
				8A2A44CA1E8E73E600B78DDE /* normal-hitfinish.wav in Resources */,
				8A2A44AB1E8E739C00B78DDE /* drum-sliderslide.wav in Resources */,
				8A2A44E31E8E741900B78DDE /* soft-sliderwhistle.wav in Resources */,
				8A2A44E01E8E741900B78DDE /* soft-hitwhistle.wav in Resources */,
				8A2A44AA1E8E739C00B78DDE /* drum-hitwhistle.wav in Resources */,
				8A4D5C5C1E8A9F9500319D91 /* normal-hitclap.wav in Resources */,
			);
			runOnlyForDeploymentPostprocessing = 0;
		};
		8A4D5C481E8A8AEC00319D91 /* Resources */ = {
			isa = PBXResourcesBuildPhase;
			buildActionMask = 2147483647;
			files = (
				8A2AAE101E90FE39005D52E7 /* test.osb in Resources */,
			);
			runOnlyForDeploymentPostprocessing = 0;
		};
/* End PBXResourcesBuildPhase section */

/* Begin PBXShellScriptBuildPhase section */
		0B93C120F14D6C1714DCD1EE /* [CP] Copy Pods Resources */ = {
			isa = PBXShellScriptBuildPhase;
			buildActionMask = 2147483647;
			files = (
			);
			inputPaths = (
			);
			name = "[CP] Copy Pods Resources";
			outputPaths = (
			);
			runOnlyForDeploymentPostprocessing = 0;
			shellPath = /bin/sh;
			shellScript = "\"${SRCROOT}/Pods/Target Support Files/Pods-iosu/Pods-iosu-resources.sh\"\n";
			showEnvVarsInLog = 0;
		};
		76C8BBFD8412E2A640B938C0 /* [CP] Embed Pods Frameworks */ = {
			isa = PBXShellScriptBuildPhase;
			buildActionMask = 2147483647;
			files = (
			);
			inputPaths = (
			);
			name = "[CP] Embed Pods Frameworks";
			outputPaths = (
			);
			runOnlyForDeploymentPostprocessing = 0;
			shellPath = /bin/sh;
			shellScript = "\"${SRCROOT}/Pods/Target Support Files/Pods-iosu/Pods-iosu-frameworks.sh\"\n";
			showEnvVarsInLog = 0;
		};
		90CAAD9A8941337A27EDECA0 /* [CP] Check Pods Manifest.lock */ = {
			isa = PBXShellScriptBuildPhase;
			buildActionMask = 2147483647;
			files = (
			);
			inputPaths = (
			);
			name = "[CP] Check Pods Manifest.lock";
			outputPaths = (
			);
			runOnlyForDeploymentPostprocessing = 0;
			shellPath = /bin/sh;
			shellScript = "diff \"${PODS_ROOT}/../Podfile.lock\" \"${PODS_ROOT}/Manifest.lock\" > /dev/null\nif [ $? != 0 ] ; then\n    # print error to STDERR\n    echo \"error: The sandbox is not in sync with the Podfile.lock. Run 'pod install' or update your CocoaPods installation.\" >&2\n    exit 1\nfi\n";
			showEnvVarsInLog = 0;
		};
/* End PBXShellScriptBuildPhase section */

/* Begin PBXSourcesBuildPhase section */
		8A4D5C2C1E8A8AEB00319D91 /* Sources */ = {
			isa = PBXSourcesBuildPhase;
			buildActionMask = 2147483647;
			files = (
				8ABA55271E9D240C006530EC /* iosu-Bridging-Header.h in Sources */,
				8A4D5C3A1E8A8AEB00319D91 /* GamePlayScene.swift in Sources */,
				8A6743891E90075800818D55 /* StoryBoard.swift in Sources */,
				8A3E5C251E8D4A9D00C28C9D /* BGMusicPlayer.swift in Sources */,
				8A4D5C3C1E8A8AEC00319D91 /* GameViewController.swift in Sources */,
				8A3E5C211E8D259C00C28C9D /* Beatmap.swift in Sources */,
				8A5437B41E8D15BF00F25E63 /* BeatmapScanner.swift in Sources */,
				8AAA496D1E97BD87001BDB5B /* TestScene.swift in Sources */,
				8ACA3AE61E90EE6F00057AA6 /* StoryBoardScene.swift in Sources */,
				8A2B382E1E949C6D005B35F6 /* AlertView.swift in Sources */,
				8A3E5C231E8D375A00C28C9D /* HitObjects.swift in Sources */,
				8A7F7E211E9D32C300595A13 /* BGVideoPlayer.swift in Sources */,
				8AC188441E8EAE3300C9BB98 /* README.md in Sources */,
				8A4D5C341E8A8AEB00319D91 /* AppDelegate.swift in Sources */,
				8A96535A1E9A978700864415 /* StoryBoardCommands.swift in Sources */,
				8A7615CB1E91702E00AE5580 /* SelectionView.swift in Sources */,
			);
			runOnlyForDeploymentPostprocessing = 0;
		};
		8A4D5C461E8A8AEC00319D91 /* Sources */ = {
			isa = PBXSourcesBuildPhase;
			buildActionMask = 2147483647;
			files = (
				8A4D5C4F1E8A8AEC00319D91 /* iosuTests.swift in Sources */,
			);
			runOnlyForDeploymentPostprocessing = 0;
		};
/* End PBXSourcesBuildPhase section */

/* Begin PBXTargetDependency section */
		8A4D5C4C1E8A8AEC00319D91 /* PBXTargetDependency */ = {
			isa = PBXTargetDependency;
			target = 8A4D5C2F1E8A8AEB00319D91 /* iosu */;
			targetProxy = 8A4D5C4B1E8A8AEC00319D91 /* PBXContainerItemProxy */;
		};
/* End PBXTargetDependency section */

/* Begin PBXVariantGroup section */
		8A4D5C3D1E8A8AEC00319D91 /* Main.storyboard */ = {
			isa = PBXVariantGroup;
			children = (
				8A4D5C3E1E8A8AEC00319D91 /* Base */,
			);
			name = Main.storyboard;
			sourceTree = "<group>";
		};
		8A4D5C421E8A8AEC00319D91 /* LaunchScreen.storyboard */ = {
			isa = PBXVariantGroup;
			children = (
				8A4D5C431E8A8AEC00319D91 /* Base */,
			);
			name = LaunchScreen.storyboard;
			sourceTree = "<group>";
		};
/* End PBXVariantGroup section */

/* Begin XCBuildConfiguration section */
		8A4D5C511E8A8AEC00319D91 /* Debug */ = {
			isa = XCBuildConfiguration;
			buildSettings = {
				ALWAYS_SEARCH_USER_PATHS = NO;
				CLANG_ANALYZER_NONNULL = YES;
				CLANG_CXX_LANGUAGE_STANDARD = "gnu++0x";
				CLANG_CXX_LIBRARY = "libc++";
				CLANG_ENABLE_MODULES = YES;
				CLANG_ENABLE_OBJC_ARC = YES;
				CLANG_WARN_BOOL_CONVERSION = YES;
				CLANG_WARN_CONSTANT_CONVERSION = YES;
				CLANG_WARN_DIRECT_OBJC_ISA_USAGE = YES_ERROR;
				CLANG_WARN_DOCUMENTATION_COMMENTS = YES;
				CLANG_WARN_EMPTY_BODY = YES;
				CLANG_WARN_ENUM_CONVERSION = YES;
				CLANG_WARN_INFINITE_RECURSION = YES;
				CLANG_WARN_INT_CONVERSION = YES;
				CLANG_WARN_OBJC_ROOT_CLASS = YES_ERROR;
				CLANG_WARN_SUSPICIOUS_MOVE = YES;
				CLANG_WARN_UNREACHABLE_CODE = YES;
				CLANG_WARN__DUPLICATE_METHOD_MATCH = YES;
				"CODE_SIGN_IDENTITY[sdk=iphoneos*]" = "iPhone Developer";
				COPY_PHASE_STRIP = NO;
				DEBUG_INFORMATION_FORMAT = dwarf;
				ENABLE_STRICT_OBJC_MSGSEND = YES;
				ENABLE_TESTABILITY = YES;
				GCC_C_LANGUAGE_STANDARD = gnu99;
				GCC_DYNAMIC_NO_PIC = NO;
				GCC_NO_COMMON_BLOCKS = YES;
				GCC_OPTIMIZATION_LEVEL = 0;
				GCC_PREPROCESSOR_DEFINITIONS = (
					"DEBUG=1",
					"$(inherited)",
				);
				GCC_WARN_64_TO_32_BIT_CONVERSION = YES;
				GCC_WARN_ABOUT_RETURN_TYPE = YES_ERROR;
				GCC_WARN_UNDECLARED_SELECTOR = YES;
				GCC_WARN_UNINITIALIZED_AUTOS = YES_AGGRESSIVE;
				GCC_WARN_UNUSED_FUNCTION = YES;
				GCC_WARN_UNUSED_VARIABLE = YES;
				IPHONEOS_DEPLOYMENT_TARGET = 10.2;
				MTL_ENABLE_DEBUG_INFO = YES;
				ONLY_ACTIVE_ARCH = YES;
				SDKROOT = iphoneos;
				SWIFT_ACTIVE_COMPILATION_CONDITIONS = DEBUG;
				SWIFT_OPTIMIZATION_LEVEL = "-Onone";
			};
			name = Debug;
		};
		8A4D5C521E8A8AEC00319D91 /* Release */ = {
			isa = XCBuildConfiguration;
			buildSettings = {
				ALWAYS_SEARCH_USER_PATHS = NO;
				CLANG_ANALYZER_NONNULL = YES;
				CLANG_CXX_LANGUAGE_STANDARD = "gnu++0x";
				CLANG_CXX_LIBRARY = "libc++";
				CLANG_ENABLE_MODULES = YES;
				CLANG_ENABLE_OBJC_ARC = YES;
				CLANG_WARN_BOOL_CONVERSION = YES;
				CLANG_WARN_CONSTANT_CONVERSION = YES;
				CLANG_WARN_DIRECT_OBJC_ISA_USAGE = YES_ERROR;
				CLANG_WARN_DOCUMENTATION_COMMENTS = YES;
				CLANG_WARN_EMPTY_BODY = YES;
				CLANG_WARN_ENUM_CONVERSION = YES;
				CLANG_WARN_INFINITE_RECURSION = YES;
				CLANG_WARN_INT_CONVERSION = YES;
				CLANG_WARN_OBJC_ROOT_CLASS = YES_ERROR;
				CLANG_WARN_SUSPICIOUS_MOVE = YES;
				CLANG_WARN_UNREACHABLE_CODE = YES;
				CLANG_WARN__DUPLICATE_METHOD_MATCH = YES;
				"CODE_SIGN_IDENTITY[sdk=iphoneos*]" = "iPhone Developer";
				COPY_PHASE_STRIP = NO;
				DEBUG_INFORMATION_FORMAT = "dwarf-with-dsym";
				ENABLE_NS_ASSERTIONS = NO;
				ENABLE_STRICT_OBJC_MSGSEND = YES;
				GCC_C_LANGUAGE_STANDARD = gnu99;
				GCC_NO_COMMON_BLOCKS = YES;
				GCC_WARN_64_TO_32_BIT_CONVERSION = YES;
				GCC_WARN_ABOUT_RETURN_TYPE = YES_ERROR;
				GCC_WARN_UNDECLARED_SELECTOR = YES;
				GCC_WARN_UNINITIALIZED_AUTOS = YES_AGGRESSIVE;
				GCC_WARN_UNUSED_FUNCTION = YES;
				GCC_WARN_UNUSED_VARIABLE = YES;
				IPHONEOS_DEPLOYMENT_TARGET = 10.2;
				MTL_ENABLE_DEBUG_INFO = NO;
				SDKROOT = iphoneos;
				SWIFT_OPTIMIZATION_LEVEL = "-Owholemodule";
				VALIDATE_PRODUCT = YES;
			};
			name = Release;
		};
		8A4D5C541E8A8AEC00319D91 /* Debug */ = {
			isa = XCBuildConfiguration;
			baseConfigurationReference = 746E95FF2AA386585463E0D9 /* Pods-iosu.debug.xcconfig */;
			buildSettings = {
				ASSETCATALOG_COMPILER_APPICON_NAME = AppIcon;
				CLANG_USE_OPTIMIZATION_PROFILE = YES;
				DEFINES_MODULE = YES;
				DEVELOPMENT_TEAM = 34A2STWT5M;
				FRAMEWORK_SEARCH_PATHS = (
					"$(inherited)",
					"$(PROJECT_DIR)/Pods/MobileVLCKit/MobileVLCKit-binary",
					"$(PROJECT_DIR)/Pods/KSYMediaPlayer_iOS/framework/live",
					"$(PROJECT_DIR)",
				);
				INFOPLIST_FILE = iosu/Info.plist;
				IPHONEOS_DEPLOYMENT_TARGET = 10.0;
				LD_RUNPATH_SEARCH_PATHS = "$(inherited) @executable_path/Frameworks";
				PRODUCT_BUNDLE_IDENTIFIER = xieyi.iosu;
				PRODUCT_NAME = "$(TARGET_NAME)";
				SWIFT_OBJC_BRIDGING_HEADER = "iosu/iosu-Bridging-Header.h";
				SWIFT_VERSION = 3.0;
				TARGETED_DEVICE_FAMILY = "1,2";
			};
			name = Debug;
		};
		8A4D5C551E8A8AEC00319D91 /* Release */ = {
			isa = XCBuildConfiguration;
			baseConfigurationReference = 6105515E76E704F6DD9D2521 /* Pods-iosu.release.xcconfig */;
			buildSettings = {
				ASSETCATALOG_COMPILER_APPICON_NAME = AppIcon;
				CLANG_USE_OPTIMIZATION_PROFILE = YES;
				DEFINES_MODULE = YES;
				DEVELOPMENT_TEAM = 34A2STWT5M;
				FRAMEWORK_SEARCH_PATHS = (
					"$(inherited)",
					"$(PROJECT_DIR)/Pods/MobileVLCKit/MobileVLCKit-binary",
					"$(PROJECT_DIR)/Pods/KSYMediaPlayer_iOS/framework/live",
					"$(PROJECT_DIR)",
				);
				INFOPLIST_FILE = iosu/Info.plist;
				IPHONEOS_DEPLOYMENT_TARGET = 10.0;
				LD_RUNPATH_SEARCH_PATHS = "$(inherited) @executable_path/Frameworks";
				PRODUCT_BUNDLE_IDENTIFIER = xieyi.iosu;
				PRODUCT_NAME = "$(TARGET_NAME)";
				SWIFT_OBJC_BRIDGING_HEADER = "iosu/iosu-Bridging-Header.h";
				SWIFT_VERSION = 3.0;
				TARGETED_DEVICE_FAMILY = "1,2";
			};
			name = Release;
		};
		8A4D5C571E8A8AEC00319D91 /* Debug */ = {
			isa = XCBuildConfiguration;
			buildSettings = {
				ALWAYS_EMBED_SWIFT_STANDARD_LIBRARIES = YES;
				BUNDLE_LOADER = "$(TEST_HOST)";
				DEVELOPMENT_TEAM = 34A2STWT5M;
				INFOPLIST_FILE = iosuTests/Info.plist;
				LD_RUNPATH_SEARCH_PATHS = "$(inherited) @executable_path/Frameworks @loader_path/Frameworks";
				PRODUCT_BUNDLE_IDENTIFIER = xieyi.iosuTests;
				PRODUCT_NAME = "$(TARGET_NAME)";
				SWIFT_VERSION = 3.0;
				TEST_HOST = "$(BUILT_PRODUCTS_DIR)/iosu.app/iosu";
			};
			name = Debug;
		};
		8A4D5C581E8A8AEC00319D91 /* Release */ = {
			isa = XCBuildConfiguration;
			buildSettings = {
				ALWAYS_EMBED_SWIFT_STANDARD_LIBRARIES = YES;
				BUNDLE_LOADER = "$(TEST_HOST)";
				DEVELOPMENT_TEAM = 34A2STWT5M;
				INFOPLIST_FILE = iosuTests/Info.plist;
				LD_RUNPATH_SEARCH_PATHS = "$(inherited) @executable_path/Frameworks @loader_path/Frameworks";
				PRODUCT_BUNDLE_IDENTIFIER = xieyi.iosuTests;
				PRODUCT_NAME = "$(TARGET_NAME)";
				SWIFT_VERSION = 3.0;
				TEST_HOST = "$(BUILT_PRODUCTS_DIR)/iosu.app/iosu";
			};
			name = Release;
		};
/* End XCBuildConfiguration section */

/* Begin XCConfigurationList section */
		8A4D5C2B1E8A8AEB00319D91 /* Build configuration list for PBXProject "iosu" */ = {
			isa = XCConfigurationList;
			buildConfigurations = (
				8A4D5C511E8A8AEC00319D91 /* Debug */,
				8A4D5C521E8A8AEC00319D91 /* Release */,
			);
			defaultConfigurationIsVisible = 0;
			defaultConfigurationName = Release;
		};
		8A4D5C531E8A8AEC00319D91 /* Build configuration list for PBXNativeTarget "iosu" */ = {
			isa = XCConfigurationList;
			buildConfigurations = (
				8A4D5C541E8A8AEC00319D91 /* Debug */,
				8A4D5C551E8A8AEC00319D91 /* Release */,
			);
			defaultConfigurationIsVisible = 0;
			defaultConfigurationName = Release;
		};
		8A4D5C561E8A8AEC00319D91 /* Build configuration list for PBXNativeTarget "iosuTests" */ = {
			isa = XCConfigurationList;
			buildConfigurations = (
				8A4D5C571E8A8AEC00319D91 /* Debug */,
				8A4D5C581E8A8AEC00319D91 /* Release */,
			);
			defaultConfigurationIsVisible = 0;
			defaultConfigurationName = Release;
		};
/* End XCConfigurationList section */
	};
	rootObject = 8A4D5C281E8A8AEB00319D91 /* Project object */;
}
